{
  "name": "annatel-watch-server",
  "version": "1.0.0",
  "lockfileVersion": 1,
  "requires": true,
  "dependencies": {
    "annatel-watch-parser": {
      "version": "1.0.15",
      "resolved": "https://registry.npmjs.org/annatel-watch-parser/-/annatel-watch-parser-1.0.15.tgz",
      "integrity": "sha512-tC4/0PlCYuU5ShZxoJ0ry6Yhr5B+Wt+JySNW+OZwji6k8PPPPMMy0eDTJ3DglVLcYoy3awfa+tEsGS7Rzgdh5Q=="
    }
  }
}
